// !$*UTF8*$!
{
	archiveVersion = 1;
	classes = {
	};
	objectVersion = 50;
	objects = {

/* Begin PBXBuildFile section */
		690A153D25DCF2570042D10B /* Kadai006View.swift in Sources */ = {isa = PBXBuildFile; fileRef = 690A153C25DCF2570042D10B /* Kadai006View.swift */; };
		6920C26D25DBA60D008CE3B9 /* Kadai005View.swift in Sources */ = {isa = PBXBuildFile; fileRef = 6920C26C25DBA60D008CE3B9 /* Kadai005View.swift */; };
		6942BB8425D0D4570022C224 /* TaskChallengeApp.swift in Sources */ = {isa = PBXBuildFile; fileRef = 6942BB8325D0D4570022C224 /* TaskChallengeApp.swift */; };
		6942BB8625D0D4570022C224 /* ContentView.swift in Sources */ = {isa = PBXBuildFile; fileRef = 6942BB8525D0D4570022C224 /* ContentView.swift */; };
		6942BB8825D0D4590022C224 /* Assets.xcassets in Resources */ = {isa = PBXBuildFile; fileRef = 6942BB8725D0D4590022C224 /* Assets.xcassets */; };
		6942BB8B25D0D4590022C224 /* Preview Assets.xcassets in Resources */ = {isa = PBXBuildFile; fileRef = 6942BB8A25D0D4590022C224 /* Preview Assets.xcassets */; };
		6942BB9525D0D49F0022C224 /* Kadai001View.swift in Sources */ = {isa = PBXBuildFile; fileRef = 6942BB9425D0D49F0022C224 /* Kadai001View.swift */; };
		69795D5725E4AA2B009D8B88 /* Kadai010View.swift in Sources */ = {isa = PBXBuildFile; fileRef = 69795D5625E4AA2B009D8B88 /* Kadai010View.swift */; };
		69795D5A25E4AF4F009D8B88 /* PrefectureNames.swift in Sources */ = {isa = PBXBuildFile; fileRef = 69795D5925E4AF4F009D8B88 /* PrefectureNames.swift */; };
		69795D5E25E4AFB9009D8B88 /* Kadai011View.swift in Sources */ = {isa = PBXBuildFile; fileRef = 69795D5D25E4AFB9009D8B88 /* Kadai011View.swift */; };
		698C30D625D6372800D34462 /* Kadai002View.swift in Sources */ = {isa = PBXBuildFile; fileRef = 698C30D525D6372800D34462 /* Kadai002View.swift */; };
		698C30D925D6397B00D34462 /* InputView.swift in Sources */ = {isa = PBXBuildFile; fileRef = 698C30D825D6397B00D34462 /* InputView.swift */; };
		69A9816825E6863D003221E5 /* Kadai012View.swift in Sources */ = {isa = PBXBuildFile; fileRef = 69A9816725E6863D003221E5 /* Kadai012View.swift */; };
		69AEAAAE25D755BC0020F079 /* MenuView.swift in Sources */ = {isa = PBXBuildFile; fileRef = 69AEAAAD25D755BC0020F079 /* MenuView.swift */; };
		69AEAAB125D767220020F079 /* Kadai003View.swift in Sources */ = {isa = PBXBuildFile; fileRef = 69AEAAB025D767220020F079 /* Kadai003View.swift */; };
		69B392DB25D80900007781E0 /* Kadai004View.swift in Sources */ = {isa = PBXBuildFile; fileRef = 69B392DA25D80900007781E0 /* Kadai004View.swift */; };
		69B3DB9425E1275E00E431C9 /* Kadai008View.swift in Sources */ = {isa = PBXBuildFile; fileRef = 69B3DB9325E1275E00E431C9 /* Kadai008View.swift */; };
		69CD3C7025E33EBA00DAD3BE /* Kadai009View.swift in Sources */ = {isa = PBXBuildFile; fileRef = 69CD3C6F25E33EBA00DAD3BE /* Kadai009View.swift */; };
		69EB5A0825E7C8300092E1C2 /* Kadai013View.swift in Sources */ = {isa = PBXBuildFile; fileRef = 69EB5A0725E7C8300092E1C2 /* Kadai013View.swift */; };
		69EB5A0B25E7CA590092E1C2 /* .swiftlint.yml in Resources */ = {isa = PBXBuildFile; fileRef = 69EB5A0A25E7CA590092E1C2 /* .swiftlint.yml */; };
		69F4982325DDCE500039E43A /* AlertDetail.swift in Sources */ = {isa = PBXBuildFile; fileRef = 69F4982225DDCE500039E43A /* AlertDetail.swift */; };
		69F4984325DDEFBB0039E43A /* Kadai007View.swift in Sources */ = {isa = PBXBuildFile; fileRef = 69F4984225DDEFBB0039E43A /* Kadai007View.swift */; };
/* End PBXBuildFile section */

/* Begin PBXFileReference section */
		690A153C25DCF2570042D10B /* Kadai006View.swift */ = {isa = PBXFileReference; lastKnownFileType = sourcecode.swift; path = Kadai006View.swift; sourceTree = "<group>"; };
		6920C26C25DBA60D008CE3B9 /* Kadai005View.swift */ = {isa = PBXFileReference; lastKnownFileType = sourcecode.swift; path = Kadai005View.swift; sourceTree = "<group>"; };
		6942BB8025D0D4560022C224 /* TaskChallenge.app */ = {isa = PBXFileReference; explicitFileType = wrapper.application; includeInIndex = 0; path = TaskChallenge.app; sourceTree = BUILT_PRODUCTS_DIR; };
		6942BB8325D0D4570022C224 /* TaskChallengeApp.swift */ = {isa = PBXFileReference; lastKnownFileType = sourcecode.swift; path = TaskChallengeApp.swift; sourceTree = "<group>"; };
		6942BB8525D0D4570022C224 /* ContentView.swift */ = {isa = PBXFileReference; lastKnownFileType = sourcecode.swift; path = ContentView.swift; sourceTree = "<group>"; };
		6942BB8725D0D4590022C224 /* Assets.xcassets */ = {isa = PBXFileReference; lastKnownFileType = folder.assetcatalog; path = Assets.xcassets; sourceTree = "<group>"; };
		6942BB8A25D0D4590022C224 /* Preview Assets.xcassets */ = {isa = PBXFileReference; lastKnownFileType = folder.assetcatalog; path = "Preview Assets.xcassets"; sourceTree = "<group>"; };
		6942BB8C25D0D4590022C224 /* Info.plist */ = {isa = PBXFileReference; lastKnownFileType = text.plist.xml; path = Info.plist; sourceTree = "<group>"; };
		6942BB9425D0D49F0022C224 /* Kadai001View.swift */ = {isa = PBXFileReference; lastKnownFileType = sourcecode.swift; path = Kadai001View.swift; sourceTree = "<group>"; };
		69795D5625E4AA2B009D8B88 /* Kadai010View.swift */ = {isa = PBXFileReference; lastKnownFileType = sourcecode.swift; path = Kadai010View.swift; sourceTree = "<group>"; };
		69795D5925E4AF4F009D8B88 /* PrefectureNames.swift */ = {isa = PBXFileReference; lastKnownFileType = sourcecode.swift; path = PrefectureNames.swift; sourceTree = "<group>"; };
		69795D5D25E4AFB9009D8B88 /* Kadai011View.swift */ = {isa = PBXFileReference; lastKnownFileType = sourcecode.swift; path = Kadai011View.swift; sourceTree = "<group>"; };
		698C30D525D6372800D34462 /* Kadai002View.swift */ = {isa = PBXFileReference; lastKnownFileType = sourcecode.swift; path = Kadai002View.swift; sourceTree = "<group>"; };
		698C30D825D6397B00D34462 /* InputView.swift */ = {isa = PBXFileReference; lastKnownFileType = sourcecode.swift; path = InputView.swift; sourceTree = "<group>"; };
		69A9816725E6863D003221E5 /* Kadai012View.swift */ = {isa = PBXFileReference; lastKnownFileType = sourcecode.swift; path = Kadai012View.swift; sourceTree = "<group>"; };
		69AEAAAD25D755BC0020F079 /* MenuView.swift */ = {isa = PBXFileReference; lastKnownFileType = sourcecode.swift; path = MenuView.swift; sourceTree = "<group>"; };
		69AEAAB025D767220020F079 /* Kadai003View.swift */ = {isa = PBXFileReference; lastKnownFileType = sourcecode.swift; path = Kadai003View.swift; sourceTree = "<group>"; };
		69B392DA25D80900007781E0 /* Kadai004View.swift */ = {isa = PBXFileReference; lastKnownFileType = sourcecode.swift; path = Kadai004View.swift; sourceTree = "<group>"; };
		69B3DB9325E1275E00E431C9 /* Kadai008View.swift */ = {isa = PBXFileReference; lastKnownFileType = sourcecode.swift; path = Kadai008View.swift; sourceTree = "<group>"; };
		69CD3C6F25E33EBA00DAD3BE /* Kadai009View.swift */ = {isa = PBXFileReference; lastKnownFileType = sourcecode.swift; path = Kadai009View.swift; sourceTree = "<group>"; };
		69EB5A0725E7C8300092E1C2 /* Kadai013View.swift */ = {isa = PBXFileReference; lastKnownFileType = sourcecode.swift; path = Kadai013View.swift; sourceTree = "<group>"; };
		69EB5A0A25E7CA590092E1C2 /* .swiftlint.yml */ = {isa = PBXFileReference; lastKnownFileType = text.yaml; path = .swiftlint.yml; sourceTree = "<group>"; };
		69F4982225DDCE500039E43A /* AlertDetail.swift */ = {isa = PBXFileReference; lastKnownFileType = sourcecode.swift; path = AlertDetail.swift; sourceTree = "<group>"; };
		69F4984225DDEFBB0039E43A /* Kadai007View.swift */ = {isa = PBXFileReference; lastKnownFileType = sourcecode.swift; path = Kadai007View.swift; sourceTree = "<group>"; };
/* End PBXFileReference section */

/* Begin PBXFrameworksBuildPhase section */
		6942BB7D25D0D4560022C224 /* Frameworks */ = {
			isa = PBXFrameworksBuildPhase;
			buildActionMask = 2147483647;
			files = (
			);
			runOnlyForDeploymentPostprocessing = 0;
		};
/* End PBXFrameworksBuildPhase section */

/* Begin PBXGroup section */
		6942BB7725D0D4560022C224 = {
			isa = PBXGroup;
			children = (
				69EB5A0A25E7CA590092E1C2 /* .swiftlint.yml */,
				6942BB8225D0D4570022C224 /* TaskChallenge */,
				6942BB8125D0D4560022C224 /* Products */,
			);
			sourceTree = "<group>";
		};
		6942BB8125D0D4560022C224 /* Products */ = {
			isa = PBXGroup;
			children = (
				6942BB8025D0D4560022C224 /* TaskChallenge.app */,
			);
			name = Products;
			sourceTree = "<group>";
		};
		6942BB8225D0D4570022C224 /* TaskChallenge */ = {
			isa = PBXGroup;
			children = (
				69AEAAAC25D755250020F079 /* Task */,
				6942BB8325D0D4570022C224 /* TaskChallengeApp.swift */,
				6942BB8525D0D4570022C224 /* ContentView.swift */,
				6942BB8725D0D4590022C224 /* Assets.xcassets */,
				6942BB8C25D0D4590022C224 /* Info.plist */,
				6942BB8925D0D4590022C224 /* Preview Content */,
			);
			path = TaskChallenge;
			sourceTree = "<group>";
		};
		6942BB8925D0D4590022C224 /* Preview Content */ = {
			isa = PBXGroup;
			children = (
				6942BB8A25D0D4590022C224 /* Preview Assets.xcassets */,
			);
			path = "Preview Content";
			sourceTree = "<group>";
		};
		69AEAAAC25D755250020F079 /* Task */ = {
			isa = PBXGroup;
			children = (
				69F4982225DDCE500039E43A /* AlertDetail.swift */,
				698C30D825D6397B00D34462 /* InputView.swift */,
				69AEAAAD25D755BC0020F079 /* MenuView.swift */,
				69795D5925E4AF4F009D8B88 /* PrefectureNames.swift */,
				6942BB9425D0D49F0022C224 /* Kadai001View.swift */,
				698C30D525D6372800D34462 /* Kadai002View.swift */,
				69AEAAB025D767220020F079 /* Kadai003View.swift */,
				69B392DA25D80900007781E0 /* Kadai004View.swift */,
				6920C26C25DBA60D008CE3B9 /* Kadai005View.swift */,
				690A153C25DCF2570042D10B /* Kadai006View.swift */,
				69F4984225DDEFBB0039E43A /* Kadai007View.swift */,
				69B3DB9325E1275E00E431C9 /* Kadai008View.swift */,
				69CD3C6F25E33EBA00DAD3BE /* Kadai009View.swift */,
				69795D5625E4AA2B009D8B88 /* Kadai010View.swift */,
				69795D5D25E4AFB9009D8B88 /* Kadai011View.swift */,
				69A9816725E6863D003221E5 /* Kadai012View.swift */,
				69EB5A0725E7C8300092E1C2 /* Kadai013View.swift */,
			);
			path = Task;
			sourceTree = "<group>";
		};
/* End PBXGroup section */

/* Begin PBXNativeTarget section */
		6942BB7F25D0D4560022C224 /* TaskChallenge */ = {
			isa = PBXNativeTarget;
			buildConfigurationList = 6942BB8F25D0D4590022C224 /* Build configuration list for PBXNativeTarget "TaskChallenge" */;
			buildPhases = (
				6942BB7C25D0D4560022C224 /* Sources */,
				6942BB7D25D0D4560022C224 /* Frameworks */,
				6942BB7E25D0D4560022C224 /* Resources */,
				6982CB8325D6190100614C5B /* ShellScript */,
			);
			buildRules = (
			);
			dependencies = (
			);
			name = TaskChallenge;
			productName = TaskChallenge;
			productReference = 6942BB8025D0D4560022C224 /* TaskChallenge.app */;
			productType = "com.apple.product-type.application";
		};
/* End PBXNativeTarget section */

/* Begin PBXProject section */
		6942BB7825D0D4560022C224 /* Project object */ = {
			isa = PBXProject;
			attributes = {
				LastSwiftUpdateCheck = 1240;
				LastUpgradeCheck = 1240;
				TargetAttributes = {
					6942BB7F25D0D4560022C224 = {
						CreatedOnToolsVersion = 12.4;
					};
				};
			};
			buildConfigurationList = 6942BB7B25D0D4560022C224 /* Build configuration list for PBXProject "TaskChallenge" */;
			compatibilityVersion = "Xcode 9.3";
			developmentRegion = en;
			hasScannedForEncodings = 0;
			knownRegions = (
				en,
				Base,
			);
			mainGroup = 6942BB7725D0D4560022C224;
			productRefGroup = 6942BB8125D0D4560022C224 /* Products */;
			projectDirPath = "";
			projectRoot = "";
			targets = (
				6942BB7F25D0D4560022C224 /* TaskChallenge */,
			);
		};
/* End PBXProject section */

/* Begin PBXResourcesBuildPhase section */
		6942BB7E25D0D4560022C224 /* Resources */ = {
			isa = PBXResourcesBuildPhase;
			buildActionMask = 2147483647;
			files = (
				69EB5A0B25E7CA590092E1C2 /* .swiftlint.yml in Resources */,
				6942BB8B25D0D4590022C224 /* Preview Assets.xcassets in Resources */,
				6942BB8825D0D4590022C224 /* Assets.xcassets in Resources */,
			);
			runOnlyForDeploymentPostprocessing = 0;
		};
/* End PBXResourcesBuildPhase section */

/* Begin PBXShellScriptBuildPhase section */
		6982CB8325D6190100614C5B /* ShellScript */ = {
			isa = PBXShellScriptBuildPhase;
			buildActionMask = 2147483647;
			files = (
			);
			inputFileListPaths = (
			);
			inputPaths = (
			);
			outputFileListPaths = (
			);
			outputPaths = (
			);
			runOnlyForDeploymentPostprocessing = 0;
			shellPath = /bin/sh;
			shellScript = "# Type a script or drag a script file from your workspace to insert its path.\nif which swiftlint >/dev/null; then\n  swiftlint\nelse\n  echo \"warning: SwiftLint not installed, download from https://github.com/realm/SwiftLint\"\nfi\n\n";
		};
/* End PBXShellScriptBuildPhase section */

/* Begin PBXSourcesBuildPhase section */
		6942BB7C25D0D4560022C224 /* Sources */ = {
			isa = PBXSourcesBuildPhase;
			buildActionMask = 2147483647;
			files = (
				698C30D625D6372800D34462 /* Kadai002View.swift in Sources */,
				69AEAAAE25D755BC0020F079 /* MenuView.swift in Sources */,
				690A153D25DCF2570042D10B /* Kadai006View.swift in Sources */,
				69EB5A0825E7C8300092E1C2 /* Kadai013View.swift in Sources */,
				6942BB8625D0D4570022C224 /* ContentView.swift in Sources */,
				698C30D925D6397B00D34462 /* InputView.swift in Sources */,
				6942BB9525D0D49F0022C224 /* Kadai001View.swift in Sources */,
				69F4982325DDCE500039E43A /* AlertDetail.swift in Sources */,
				69B3DB9425E1275E00E431C9 /* Kadai008View.swift in Sources */,
				69AEAAB125D767220020F079 /* Kadai003View.swift in Sources */,
				69795D5A25E4AF4F009D8B88 /* PrefectureNames.swift in Sources */,
				69795D5725E4AA2B009D8B88 /* Kadai010View.swift in Sources */,
				69B392DB25D80900007781E0 /* Kadai004View.swift in Sources */,
				69F4984325DDEFBB0039E43A /* Kadai007View.swift in Sources */,
				69CD3C7025E33EBA00DAD3BE /* Kadai009View.swift in Sources */,
				6920C26D25DBA60D008CE3B9 /* Kadai005View.swift in Sources */,
				69795D5E25E4AFB9009D8B88 /* Kadai011View.swift in Sources */,
				6942BB8425D0D4570022C224 /* TaskChallengeApp.swift in Sources */,
				69A9816825E6863D003221E5 /* Kadai012View.swift in Sources */,
			);
			runOnlyForDeploymentPostprocessing = 0;
		};
/* End PBXSourcesBuildPhase section */

/* Begin XCBuildConfiguration section */
		6942BB8D25D0D4590022C224 /* Debug */ = {
			isa = XCBuildConfiguration;
			buildSettings = {
				ALWAYS_SEARCH_USER_PATHS = NO;
				CLANG_ANALYZER_NONNULL = YES;
				CLANG_ANALYZER_NUMBER_OBJECT_CONVERSION = YES_AGGRESSIVE;
				CLANG_CXX_LANGUAGE_STANDARD = "gnu++14";
				CLANG_CXX_LIBRARY = "libc++";
				CLANG_ENABLE_MODULES = YES;
				CLANG_ENABLE_OBJC_ARC = YES;
				CLANG_ENABLE_OBJC_WEAK = YES;
				CLANG_WARN_BLOCK_CAPTURE_AUTORELEASING = YES;
				CLANG_WARN_BOOL_CONVERSION = YES;
				CLANG_WARN_COMMA = YES;
				CLANG_WARN_CONSTANT_CONVERSION = YES;
				CLANG_WARN_DEPRECATED_OBJC_IMPLEMENTATIONS = YES;
				CLANG_WARN_DIRECT_OBJC_ISA_USAGE = YES_ERROR;
				CLANG_WARN_DOCUMENTATION_COMMENTS = YES;
				CLANG_WARN_EMPTY_BODY = YES;
				CLANG_WARN_ENUM_CONVERSION = YES;
				CLANG_WARN_INFINITE_RECURSION = YES;
				CLANG_WARN_INT_CONVERSION = YES;
				CLANG_WARN_NON_LITERAL_NULL_CONVERSION = YES;
				CLANG_WARN_OBJC_IMPLICIT_RETAIN_SELF = YES;
				CLANG_WARN_OBJC_LITERAL_CONVERSION = YES;
				CLANG_WARN_OBJC_ROOT_CLASS = YES_ERROR;
				CLANG_WARN_QUOTED_INCLUDE_IN_FRAMEWORK_HEADER = YES;
				CLANG_WARN_RANGE_LOOP_ANALYSIS = YES;
				CLANG_WARN_STRICT_PROTOTYPES = YES;
				CLANG_WARN_SUSPICIOUS_MOVE = YES;
				CLANG_WARN_UNGUARDED_AVAILABILITY = YES_AGGRESSIVE;
				CLANG_WARN_UNREACHABLE_CODE = YES;
				CLANG_WARN__DUPLICATE_METHOD_MATCH = YES;
				COPY_PHASE_STRIP = NO;
				DEBUG_INFORMATION_FORMAT = dwarf;
				ENABLE_STRICT_OBJC_MSGSEND = YES;
				ENABLE_TESTABILITY = YES;
				GCC_C_LANGUAGE_STANDARD = gnu11;
				GCC_DYNAMIC_NO_PIC = NO;
				GCC_NO_COMMON_BLOCKS = YES;
				GCC_OPTIMIZATION_LEVEL = 0;
				GCC_PREPROCESSOR_DEFINITIONS = (
					"DEBUG=1",
					"$(inherited)",
				);
				GCC_WARN_64_TO_32_BIT_CONVERSION = YES;
				GCC_WARN_ABOUT_RETURN_TYPE = YES_ERROR;
				GCC_WARN_UNDECLARED_SELECTOR = YES;
				GCC_WARN_UNINITIALIZED_AUTOS = YES_AGGRESSIVE;
				GCC_WARN_UNUSED_FUNCTION = YES;
				GCC_WARN_UNUSED_VARIABLE = YES;
				IPHONEOS_DEPLOYMENT_TARGET = 14.4;
				MTL_ENABLE_DEBUG_INFO = INCLUDE_SOURCE;
				MTL_FAST_MATH = YES;
				ONLY_ACTIVE_ARCH = YES;
				SDKROOT = iphoneos;
				SWIFT_ACTIVE_COMPILATION_CONDITIONS = DEBUG;
				SWIFT_OPTIMIZATION_LEVEL = "-Onone";
			};
			name = Debug;
		};
		6942BB8E25D0D4590022C224 /* Release */ = {
			isa = XCBuildConfiguration;
			buildSettings = {
				ALWAYS_SEARCH_USER_PATHS = NO;
				CLANG_ANALYZER_NONNULL = YES;
				CLANG_ANALYZER_NUMBER_OBJECT_CONVERSION = YES_AGGRESSIVE;
				CLANG_CXX_LANGUAGE_STANDARD = "gnu++14";
				CLANG_CXX_LIBRARY = "libc++";
				CLANG_ENABLE_MODULES = YES;
				CLANG_ENABLE_OBJC_ARC = YES;
				CLANG_ENABLE_OBJC_WEAK = YES;
				CLANG_WARN_BLOCK_CAPTURE_AUTORELEASING = YES;
				CLANG_WARN_BOOL_CONVERSION = YES;
				CLANG_WARN_COMMA = YES;
				CLANG_WARN_CONSTANT_CONVERSION = YES;
				CLANG_WARN_DEPRECATED_OBJC_IMPLEMENTATIONS = YES;
				CLANG_WARN_DIRECT_OBJC_ISA_USAGE = YES_ERROR;
				CLANG_WARN_DOCUMENTATION_COMMENTS = YES;
				CLANG_WARN_EMPTY_BODY = YES;
				CLANG_WARN_ENUM_CONVERSION = YES;
				CLANG_WARN_INFINITE_RECURSION = YES;
				CLANG_WARN_INT_CONVERSION = YES;
				CLANG_WARN_NON_LITERAL_NULL_CONVERSION = YES;
				CLANG_WARN_OBJC_IMPLICIT_RETAIN_SELF = YES;
				CLANG_WARN_OBJC_LITERAL_CONVERSION = YES;
				CLANG_WARN_OBJC_ROOT_CLASS = YES_ERROR;
				CLANG_WARN_QUOTED_INCLUDE_IN_FRAMEWORK_HEADER = YES;
				CLANG_WARN_RANGE_LOOP_ANALYSIS = YES;
				CLANG_WARN_STRICT_PROTOTYPES = YES;
				CLANG_WARN_SUSPICIOUS_MOVE = YES;
				CLANG_WARN_UNGUARDED_AVAILABILITY = YES_AGGRESSIVE;
				CLANG_WARN_UNREACHABLE_CODE = YES;
				CLANG_WARN__DUPLICATE_METHOD_MATCH = YES;
				COPY_PHASE_STRIP = NO;
				DEBUG_INFORMATION_FORMAT = "dwarf-with-dsym";
				ENABLE_NS_ASSERTIONS = NO;
				ENABLE_STRICT_OBJC_MSGSEND = YES;
				GCC_C_LANGUAGE_STANDARD = gnu11;
				GCC_NO_COMMON_BLOCKS = YES;
				GCC_WARN_64_TO_32_BIT_CONVERSION = YES;
				GCC_WARN_ABOUT_RETURN_TYPE = YES_ERROR;
				GCC_WARN_UNDECLARED_SELECTOR = YES;
				GCC_WARN_UNINITIALIZED_AUTOS = YES_AGGRESSIVE;
				GCC_WARN_UNUSED_FUNCTION = YES;
				GCC_WARN_UNUSED_VARIABLE = YES;
				IPHONEOS_DEPLOYMENT_TARGET = 14.4;
				MTL_ENABLE_DEBUG_INFO = NO;
				MTL_FAST_MATH = YES;
				SDKROOT = iphoneos;
				SWIFT_COMPILATION_MODE = wholemodule;
				SWIFT_OPTIMIZATION_LEVEL = "-O";
				VALIDATE_PRODUCT = YES;
			};
			name = Release;
		};
		6942BB9025D0D4590022C224 /* Debug */ = {
			isa = XCBuildConfiguration;
			buildSettings = {
				ASSETCATALOG_COMPILER_APPICON_NAME = AppIcon;
				ASSETCATALOG_COMPILER_GLOBAL_ACCENT_COLOR_NAME = AccentColor;
				CODE_SIGN_STYLE = Automatic;
				DEVELOPMENT_ASSET_PATHS = "\"TaskChallenge/Preview Content\"";
				DEVELOPMENT_TEAM = D774TE8QQ8;
				ENABLE_PREVIEWS = YES;
				INFOPLIST_FILE = TaskChallenge/Info.plist;
				IPHONEOS_DEPLOYMENT_TARGET = 14.0;
				LD_RUNPATH_SEARCH_PATHS = (
					"$(inherited)",
					"@executable_path/Frameworks",
				);
				PRODUCT_BUNDLE_IDENTIFIER = com.hirorosoft.TaskChallenge;
				PRODUCT_NAME = "$(TARGET_NAME)";
				SWIFT_VERSION = 5.0;
				TARGETED_DEVICE_FAMILY = 1;
			};
			name = Debug;
		};
		6942BB9125D0D4590022C224 /* Release */ = {
			isa = XCBuildConfiguration;
			buildSettings = {
				ASSETCATALOG_COMPILER_APPICON_NAME = AppIcon;
				ASSETCATALOG_COMPILER_GLOBAL_ACCENT_COLOR_NAME = AccentColor;
				CODE_SIGN_STYLE = Automatic;
				DEVELOPMENT_ASSET_PATHS = "\"TaskChallenge/Preview Content\"";
				DEVELOPMENT_TEAM = D774TE8QQ8;
				ENABLE_PREVIEWS = YES;
				INFOPLIST_FILE = TaskChallenge/Info.plist;
				IPHONEOS_DEPLOYMENT_TARGET = 14.0;
				LD_RUNPATH_SEARCH_PATHS = (
					"$(inherited)",
					"@executable_path/Frameworks",
				);
				PRODUCT_BUNDLE_IDENTIFIER = com.hirorosoft.TaskChallenge;
				PRODUCT_NAME = "$(TARGET_NAME)";
				SWIFT_VERSION = 5.0;
				TARGETED_DEVICE_FAMILY = 1;
			};
			name = Release;
		};
/* End XCBuildConfiguration section */

/* Begin XCConfigurationList section */
		6942BB7B25D0D4560022C224 /* Build configuration list for PBXProject "TaskChallenge" */ = {
			isa = XCConfigurationList;
			buildConfigurations = (
				6942BB8D25D0D4590022C224 /* Debug */,
				6942BB8E25D0D4590022C224 /* Release */,
			);
			defaultConfigurationIsVisible = 0;
			defaultConfigurationName = Release;
		};
		6942BB8F25D0D4590022C224 /* Build configuration list for PBXNativeTarget "TaskChallenge" */ = {
			isa = XCConfigurationList;
			buildConfigurations = (
				6942BB9025D0D4590022C224 /* Debug */,
				6942BB9125D0D4590022C224 /* Release */,
			);
			defaultConfigurationIsVisible = 0;
			defaultConfigurationName = Release;
		};
/* End XCConfigurationList section */
	};
	rootObject = 6942BB7825D0D4560022C224 /* Project object */;
}
